// !$*UTF8*$!
{
	archiveVersion = 1;
	classes = {
	};
	objectVersion = 46;
	objects = {

/* Begin PBXBuildFile section */
		90564FA61CE473AB004CCD8D /* main.m in Sources */ = {isa = PBXBuildFile; fileRef = 90564FA51CE473AB004CCD8D /* main.m */; };
		90564FA91CE473AB004CCD8D /* AppDelegate.m in Sources */ = {isa = PBXBuildFile; fileRef = 90564FA81CE473AB004CCD8D /* AppDelegate.m */; };
		90564FAC1CE473AB004CCD8D /* ViewController.m in Sources */ = {isa = PBXBuildFile; fileRef = 90564FAB1CE473AB004CCD8D /* ViewController.m */; };
		90564FAF1CE473AB004CCD8D /* Main.storyboard in Resources */ = {isa = PBXBuildFile; fileRef = 90564FAD1CE473AB004CCD8D /* Main.storyboard */; };
		90564FB11CE473AB004CCD8D /* Assets.xcassets in Resources */ = {isa = PBXBuildFile; fileRef = 90564FB01CE473AB004CCD8D /* Assets.xcassets */; };
		90564FB41CE473AB004CCD8D /* LaunchScreen.storyboard in Resources */ = {isa = PBXBuildFile; fileRef = 90564FB21CE473AB004CCD8D /* LaunchScreen.storyboard */; };
		90564FBF1CE473AB004CCD8D /* MyGitUITests.m in Sources */ = {isa = PBXBuildFile; fileRef = 90564FBE1CE473AB004CCD8D /* MyGitUITests.m */; };
/* End PBXBuildFile section */

/* Begin PBXContainerItemProxy section */
		90564FBB1CE473AB004CCD8D /* PBXContainerItemProxy */ = {
			isa = PBXContainerItemProxy;
			containerPortal = 90564F991CE473AB004CCD8D /* Project object */;
			proxyType = 1;
			remoteGlobalIDString = 90564FA01CE473AB004CCD8D;
			remoteInfo = MyGit;
		};
/* End PBXContainerItemProxy section */

/* Begin PBXFileReference section */
		90564FA11CE473AB004CCD8D /* MyGit.app */ = {isa = PBXFileReference; explicitFileType = wrapper.application; includeInIndex = 0; path = MyGit.app; sourceTree = BUILT_PRODUCTS_DIR; };
		90564FA51CE473AB004CCD8D /* main.m */ = {isa = PBXFileReference; lastKnownFileType = sourcecode.c.objc; path = main.m; sourceTree = "<group>"; };
		90564FA71CE473AB004CCD8D /* AppDelegate.h */ = {isa = PBXFileReference; lastKnownFileType = sourcecode.c.h; path = AppDelegate.h; sourceTree = "<group>"; };
		90564FA81CE473AB004CCD8D /* AppDelegate.m */ = {isa = PBXFileReference; lastKnownFileType = sourcecode.c.objc; path = AppDelegate.m; sourceTree = "<group>"; };
		90564FAA1CE473AB004CCD8D /* ViewController.h */ = {isa = PBXFileReference; lastKnownFileType = sourcecode.c.h; path = ViewController.h; sourceTree = "<group>"; };
		90564FAB1CE473AB004CCD8D /* ViewController.m */ = {isa = PBXFileReference; lastKnownFileType = sourcecode.c.objc; path = ViewController.m; sourceTree = "<group>"; };
		90564FAE1CE473AB004CCD8D /* Base */ = {isa = PBXFileReference; lastKnownFileType = file.storyboard; name = Base; path = Base.lproj/Main.storyboard; sourceTree = "<group>"; };
		90564FB01CE473AB004CCD8D /* Assets.xcassets */ = {isa = PBXFileReference; lastKnownFileType = folder.assetcatalog; path = Assets.xcassets; sourceTree = "<group>"; };
		90564FB31CE473AB004CCD8D /* Base */ = {isa = PBXFileReference; lastKnownFileType = file.storyboard; name = Base; path = Base.lproj/LaunchScreen.storyboard; sourceTree = "<group>"; };
		90564FB51CE473AB004CCD8D /* Info.plist */ = {isa = PBXFileReference; lastKnownFileType = text.plist.xml; path = Info.plist; sourceTree = "<group>"; };
		90564FBA1CE473AB004CCD8D /* MyGitUITests.xctest */ = {isa = PBXFileReference; explicitFileType = wrapper.cfbundle; includeInIndex = 0; path = MyGitUITests.xctest; sourceTree = BUILT_PRODUCTS_DIR; };
		90564FBE1CE473AB004CCD8D /* MyGitUITests.m */ = {isa = PBXFileReference; lastKnownFileType = sourcecode.c.objc; path = MyGitUITests.m; sourceTree = "<group>"; };
		90564FC01CE473AB004CCD8D /* Info.plist */ = {isa = PBXFileReference; lastKnownFileType = text.plist.xml; path = Info.plist; sourceTree = "<group>"; };
/* End PBXFileReference section */

/* Begin PBXFrameworksBuildPhase section */
		90564F9E1CE473AB004CCD8D /* Frameworks */ = {
			isa = PBXFrameworksBuildPhase;
			buildActionMask = 2147483647;
			files = (
			);
			runOnlyForDeploymentPostprocessing = 0;
		};
		90564FB71CE473AB004CCD8D /* Frameworks */ = {
			isa = PBXFrameworksBuildPhase;
			buildActionMask = 2147483647;
			files = (
			);
			runOnlyForDeploymentPostprocessing = 0;
		};
/* End PBXFrameworksBuildPhase section */

/* Begin PBXGroup section */
		90564F981CE473AB004CCD8D = {
			isa = PBXGroup;
			children = (
				90564FA31CE473AB004CCD8D /* MyGit */,
				90564FBD1CE473AB004CCD8D /* MyGitUITests */,
				90564FA21CE473AB004CCD8D /* Products */,
			);
			sourceTree = "<group>";
		};
		90564FA21CE473AB004CCD8D /* Products */ = {
			isa = PBXGroup;
			children = (
				90564FA11CE473AB004CCD8D /* MyGit.app */,
				90564FBA1CE473AB004CCD8D /* MyGitUITests.xctest */,
			);
			name = Products;
			sourceTree = "<group>";
		};
		90564FA31CE473AB004CCD8D /* MyGit */ = {
			isa = PBXGroup;
			children = (
				90564FA71CE473AB004CCD8D /* AppDelegate.h */,
				90564FA81CE473AB004CCD8D /* AppDelegate.m */,
				90564FAA1CE473AB004CCD8D /* ViewController.h */,
				90564FAB1CE473AB004CCD8D /* ViewController.m */,
				90564FAD1CE473AB004CCD8D /* Main.storyboard */,
				90564FB01CE473AB004CCD8D /* Assets.xcassets */,
				90564FB21CE473AB004CCD8D /* LaunchScreen.storyboard */,
				90564FB51CE473AB004CCD8D /* Info.plist */,
				90564FA41CE473AB004CCD8D /* Supporting Files */,
			);
			path = MyGit;
			sourceTree = "<group>";
		};
		90564FA41CE473AB004CCD8D /* Supporting Files */ = {
			isa = PBXGroup;
			children = (
				90564FA51CE473AB004CCD8D /* main.m */,
			);
			name = "Supporting Files";
			sourceTree = "<group>";
		};
		90564FBD1CE473AB004CCD8D /* MyGitUITests */ = {
			isa = PBXGroup;
			children = (
				90564FBE1CE473AB004CCD8D /* MyGitUITests.m */,
				90564FC01CE473AB004CCD8D /* Info.plist */,
			);
			path = MyGitUITests;
			sourceTree = "<group>";
		};
/* End PBXGroup section */

/* Begin PBXNativeTarget section */
		90564FA01CE473AB004CCD8D /* MyGit */ = {
			isa = PBXNativeTarget;
			buildConfigurationList = 90564FC31CE473AB004CCD8D /* Build configuration list for PBXNativeTarget "MyGit" */;
			buildPhases = (
				90564F9D1CE473AB004CCD8D /* Sources */,
				90564F9E1CE473AB004CCD8D /* Frameworks */,
				90564F9F1CE473AB004CCD8D /* Resources */,
			);
			buildRules = (
			);
			dependencies = (
			);
			name = MyGit;
			productName = MyGit;
			productReference = 90564FA11CE473AB004CCD8D /* MyGit.app */;
			productType = "com.apple.product-type.application";
		};
		90564FB91CE473AB004CCD8D /* MyGitUITests */ = {
			isa = PBXNativeTarget;
			buildConfigurationList = 90564FC61CE473AB004CCD8D /* Build configuration list for PBXNativeTarget "MyGitUITests" */;
			buildPhases = (
				90564FB61CE473AB004CCD8D /* Sources */,
				90564FB71CE473AB004CCD8D /* Frameworks */,
				90564FB81CE473AB004CCD8D /* Resources */,
			);
			buildRules = (
			);
			dependencies = (
				90564FBC1CE473AB004CCD8D /* PBXTargetDependency */,
			);
			name = MyGitUITests;
			productName = MyGitUITests;
			productReference = 90564FBA1CE473AB004CCD8D /* MyGitUITests.xctest */;
			productType = "com.apple.product-type.bundle.ui-testing";
		};
/* End PBXNativeTarget section */

/* Begin PBXProject section */
		90564F991CE473AB004CCD8D /* Project object */ = {
			isa = PBXProject;
			attributes = {
				LastUpgradeCheck = 0720;
				ORGANIZATIONNAME = shixingyu;
				TargetAttributes = {
					90564FA01CE473AB004CCD8D = {
						CreatedOnToolsVersion = 7.2;
					};
					90564FB91CE473AB004CCD8D = {
						CreatedOnToolsVersion = 7.2;
						TestTargetID = 90564FA01CE473AB004CCD8D;
					};
				};
			};
			buildConfigurationList = 90564F9C1CE473AB004CCD8D /* Build configuration list for PBXProject "MyGit" */;
			compatibilityVersion = "Xcode 3.2";
			developmentRegion = English;
			hasScannedForEncodings = 0;
			knownRegions = (
				en,
				Base,
			);
			mainGroup = 90564F981CE473AB004CCD8D;
			productRefGroup = 90564FA21CE473AB004CCD8D /* Products */;
			projectDirPath = "";
			projectRoot = "";
			targets = (
				90564FA01CE473AB004CCD8D /* MyGit */,
				90564FB91CE473AB004CCD8D /* MyGitUITests */,
			);
		};
/* End PBXProject section */

/* Begin PBXResourcesBuildPhase section */
		90564F9F1CE473AB004CCD8D /* Resources */ = {
			isa = PBXResourcesBuildPhase;
			buildActionMask = 2147483647;
			files = (
				90564FB41CE473AB004CCD8D /* LaunchScreen.storyboard in Resources */,
				90564FB11CE473AB004CCD8D /* Assets.xcassets in Resources */,
				90564FAF1CE473AB004CCD8D /* Main.storyboard in Resources */,
			);
			runOnlyForDeploymentPostprocessing = 0;
		};
		90564FB81CE473AB004CCD8D /* Resources */ = {
			isa = PBXResourcesBuildPhase;
			buildActionMask = 2147483647;
			files = (
			);
			runOnlyForDeploymentPostprocessing = 0;
		};
/* End PBXResourcesBuildPhase section */

/* Begin PBXSourcesBuildPhase section */
		90564F9D1CE473AB004CCD8D /* Sources */ = {
			isa = PBXSourcesBuildPhase;
			buildActionMask = 2147483647;
			files = (
				90564FAC1CE473AB004CCD8D /* ViewController.m in Sources */,
				90564FA91CE473AB004CCD8D /* AppDelegate.m in Sources */,
				90564FA61CE473AB004CCD8D /* main.m in Sources */,
			);
			runOnlyForDeploymentPostprocessing = 0;
		};
		90564FB61CE473AB004CCD8D /* Sources */ = {
			isa = PBXSourcesBuildPhase;
			buildActionMask = 2147483647;
			files = (
				90564FBF1CE473AB004CCD8D /* MyGitUITests.m in Sources */,
			);
			runOnlyForDeploymentPostprocessing = 0;
		};
/* End PBXSourcesBuildPhase section */

/* Begin PBXTargetDependency section */
		90564FBC1CE473AB004CCD8D /* PBXTargetDependency */ = {
			isa = PBXTargetDependency;
			target = 90564FA01CE473AB004CCD8D /* MyGit */;
			targetProxy = 90564FBB1CE473AB004CCD8D /* PBXContainerItemProxy */;
		};
/* End PBXTargetDependency section */

/* Begin PBXVariantGroup section */
		90564FAD1CE473AB004CCD8D /* Main.storyboard */ = {
			isa = PBXVariantGroup;
			children = (
				90564FAE1CE473AB004CCD8D /* Base */,
			);
			name = Main.storyboard;
			sourceTree = "<group>";
		};
		90564FB21CE473AB004CCD8D /* LaunchScreen.storyboard */ = {
			isa = PBXVariantGroup;
			children = (
				90564FB31CE473AB004CCD8D /* Base */,
			);
			name = LaunchScreen.storyboard;
			sourceTree = "<group>";
		};
/* End PBXVariantGroup section */

/* Begin XCBuildConfiguration section */
		90564FC11CE473AB004CCD8D /* Debug */ = {
			isa = XCBuildConfiguration;
			buildSettings = {
				ALWAYS_SEARCH_USER_PATHS = NO;
				CLANG_CXX_LANGUAGE_STANDARD = "gnu++0x";
				CLANG_CXX_LIBRARY = "libc++";
				CLANG_ENABLE_MODULES = YES;
				CLANG_ENABLE_OBJC_ARC = YES;
				CLANG_WARN_BOOL_CONVERSION = YES;
				CLANG_WARN_CONSTANT_CONVERSION = YES;
				CLANG_WARN_DIRECT_OBJC_ISA_USAGE = YES_ERROR;
				CLANG_WARN_EMPTY_BODY = YES;
				CLANG_WARN_ENUM_CONVERSION = YES;
				CLANG_WARN_INT_CONVERSION = YES;
				CLANG_WARN_OBJC_ROOT_CLASS = YES_ERROR;
				CLANG_WARN_UNREACHABLE_CODE = YES;
				CLANG_WARN__DUPLICATE_METHOD_MATCH = YES;
				"CODE_SIGN_IDENTITY[sdk=iphoneos*]" = "iPhone Developer";
				COPY_PHASE_STRIP = NO;
				DEBUG_INFORMATION_FORMAT = dwarf;
				ENABLE_STRICT_OBJC_MSGSEND = YES;
				ENABLE_TESTABILITY = YES;
				GCC_C_LANGUAGE_STANDARD = gnu99;
				GCC_DYNAMIC_NO_PIC = NO;
				GCC_NO_COMMON_BLOCKS = YES;
				GCC_OPTIMIZATION_LEVEL = 0;
				GCC_PREPROCESSOR_DEFINITIONS = (
					"DEBUG=1",
					"$(inherited)",
				);
				GCC_WARN_64_TO_32_BIT_CONVERSION = YES;
				GCC_WARN_ABOUT_RETURN_TYPE = YES_ERROR;
				GCC_WARN_UNDECLARED_SELECTOR = YES;
				GCC_WARN_UNINITIALIZED_AUTOS = YES_AGGRESSIVE;
				GCC_WARN_UNUSED_FUNCTION = YES;
				GCC_WARN_UNUSED_VARIABLE = YES;
				IPHONEOS_DEPLOYMENT_TARGET = 9.2;
				MTL_ENABLE_DEBUG_INFO = YES;
				ONLY_ACTIVE_ARCH = YES;
				SDKROOT = iphoneos;
			};
			name = Debug;
		};
		90564FC21CE473AB004CCD8D /* Release */ = {
			isa = XCBuildConfiguration;
			buildSettings = {
				ALWAYS_SEARCH_USER_PATHS = NO;
				CLANG_CXX_LANGUAGE_STANDARD = "gnu++0x";
				CLANG_CXX_LIBRARY = "libc++";
				CLANG_ENABLE_MODULES = YES;
				CLANG_ENABLE_OBJC_ARC = YES;
				CLANG_WARN_BOOL_CONVERSION = YES;
				CLANG_WARN_CONSTANT_CONVERSION = YES;
				CLANG_WARN_DIRECT_OBJC_ISA_USAGE = YES_ERROR;
				CLANG_WARN_EMPTY_BODY = YES;
				CLANG_WARN_ENUM_CONVERSION = YES;
				CLANG_WARN_INT_CONVERSION = YES;
				CLANG_WARN_OBJC_ROOT_CLASS = YES_ERROR;
				CLANG_WARN_UNREACHABLE_CODE = YES;
				CLANG_WARN__DUPLICATE_METHOD_MATCH = YES;
				"CODE_SIGN_IDENTITY[sdk=iphoneos*]" = "iPhone Developer";
				COPY_PHASE_STRIP = NO;
				DEBUG_INFORMATION_FORMAT = "dwarf-with-dsym";
				ENABLE_NS_ASSERTIONS = NO;
				ENABLE_STRICT_OBJC_MSGSEND = YES;
				GCC_C_LANGUAGE_STANDARD = gnu99;
				GCC_NO_COMMON_BLOCKS = YES;
				GCC_WARN_64_TO_32_BIT_CONVERSION = YES;
				GCC_WARN_ABOUT_RETURN_TYPE = YES_ERROR;
				GCC_WARN_UNDECLARED_SELECTOR = YES;
				GCC_WARN_UNINITIALIZED_AUTOS = YES_AGGRESSIVE;
				GCC_WARN_UNUSED_FUNCTION = YES;
				GCC_WARN_UNUSED_VARIABLE = YES;
				IPHONEOS_DEPLOYMENT_TARGET = 9.2;
				MTL_ENABLE_DEBUG_INFO = NO;
				SDKROOT = iphoneos;
				VALIDATE_PRODUCT = YES;
			};
			name = Release;
		};
		90564FC41CE473AB004CCD8D /* Debug */ = {
			isa = XCBuildConfiguration;
			buildSettings = {
				ASSETCATALOG_COMPILER_APPICON_NAME = AppIcon;
				INFOPLIST_FILE = MyGit/Info.plist;
				LD_RUNPATH_SEARCH_PATHS = "$(inherited) @executable_path/Frameworks";
				PRODUCT_BUNDLE_IDENTIFIER = com.shixingyu.MyGit;
				PRODUCT_NAME = "$(TARGET_NAME)";
			};
			name = Debug;
		};
		90564FC51CE473AB004CCD8D /* Release */ = {
			isa = XCBuildConfiguration;
			buildSettings = {
				ASSETCATALOG_COMPILER_APPICON_NAME = AppIcon;
				INFOPLIST_FILE = MyGit/Info.plist;
				LD_RUNPATH_SEARCH_PATHS = "$(inherited) @executable_path/Frameworks";
				PRODUCT_BUNDLE_IDENTIFIER = com.shixingyu.MyGit;
				PRODUCT_NAME = "$(TARGET_NAME)";
			};
			name = Release;
		};
		90564FC71CE473AB004CCD8D /* Debug */ = {
			isa = XCBuildConfiguration;
			buildSettings = {
				INFOPLIST_FILE = MyGitUITests/Info.plist;
				LD_RUNPATH_SEARCH_PATHS = "$(inherited) @executable_path/Frameworks @loader_path/Frameworks";
				PRODUCT_BUNDLE_IDENTIFIER = com.shixingyu.MyGitUITests;
				PRODUCT_NAME = "$(TARGET_NAME)";
				TEST_TARGET_NAME = MyGit;
				USES_XCTRUNNER = YES;
			};
			name = Debug;
		};
		90564FC81CE473AB004CCD8D /* Release */ = {
			isa = XCBuildConfiguration;
			buildSettings = {
				INFOPLIST_FILE = MyGitUITests/Info.plist;
				LD_RUNPATH_SEARCH_PATHS = "$(inherited) @executable_path/Frameworks @loader_path/Frameworks";
				PRODUCT_BUNDLE_IDENTIFIER = com.shixingyu.MyGitUITests;
				PRODUCT_NAME = "$(TARGET_NAME)";
				TEST_TARGET_NAME = MyGit;
				USES_XCTRUNNER = YES;
			};
			name = Release;
		};
/* End XCBuildConfiguration section */

/* Begin XCConfigurationList section */
		90564F9C1CE473AB004CCD8D /* Build configuration list for PBXProject "MyGit" */ = {
			isa = XCConfigurationList;
			buildConfigurations = (
				90564FC11CE473AB004CCD8D /* Debug */,
				90564FC21CE473AB004CCD8D /* Release */,
			);
			defaultConfigurationIsVisible = 0;
			defaultConfigurationName = Release;
		};
		90564FC31CE473AB004CCD8D /* Build configuration list for PBXNativeTarget "MyGit" */ = {
			isa = XCConfigurationList;
			buildConfigurations = (
				90564FC41CE473AB004CCD8D /* Debug */,
				90564FC51CE473AB004CCD8D /* Release */,
			);
			defaultConfigurationIsVisible = 0;
		};
		90564FC61CE473AB004CCD8D /* Build configuration list for PBXNativeTarget "MyGitUITests" */ = {
			isa = XCConfigurationList;
			buildConfigurations = (
				90564FC71CE473AB004CCD8D /* Debug */,
				90564FC81CE473AB004CCD8D /* Release */,
			);
			defaultConfigurationIsVisible = 0;
		};
/* End XCConfigurationList section */
	};
	rootObject = 90564F991CE473AB004CCD8D /* Project object */;
}
